// !$*UTF8*$!
{
	archiveVersion = 1;
	classes = {
	};
	objectVersion = 46;
	objects = {

/* Begin PBXBuildFile section */
		700ABC6020561A8C00F86B9F /* UIView+YBInputLimit.m in Sources */ = {isa = PBXBuildFile; fileRef = 700ABC5C20561A8C00F86B9F /* UIView+YBInputLimit.m */; };
		700ABC6120561A8C00F86B9F /* YBInputLimitModel.m in Sources */ = {isa = PBXBuildFile; fileRef = 700ABC5F20561A8C00F86B9F /* YBInputLimitModel.m */; };
		7091458920562DE80031B7A6 /* UIView+YBInputControl.m in Sources */ = {isa = PBXBuildFile; fileRef = 7091458820562DE80031B7A6 /* UIView+YBInputControl.m */; };
		EEE59BB81F1DD75300EE744D /* main.m in Sources */ = {isa = PBXBuildFile; fileRef = EEE59BB71F1DD75300EE744D /* main.m */; };
		EEE59BBB1F1DD75300EE744D /* AppDelegate.m in Sources */ = {isa = PBXBuildFile; fileRef = EEE59BBA1F1DD75300EE744D /* AppDelegate.m */; };
		EEE59BBE1F1DD75300EE744D /* ViewController.m in Sources */ = {isa = PBXBuildFile; fileRef = EEE59BBD1F1DD75300EE744D /* ViewController.m */; };
		EEE59BC11F1DD75300EE744D /* Main.storyboard in Resources */ = {isa = PBXBuildFile; fileRef = EEE59BBF1F1DD75300EE744D /* Main.storyboard */; };
		EEE59BC31F1DD75300EE744D /* Assets.xcassets in Resources */ = {isa = PBXBuildFile; fileRef = EEE59BC21F1DD75300EE744D /* Assets.xcassets */; };
		EEE59BC61F1DD75300EE744D /* LaunchScreen.storyboard in Resources */ = {isa = PBXBuildFile; fileRef = EEE59BC41F1DD75300EE744D /* LaunchScreen.storyboard */; };
/* End PBXBuildFile section */

/* Begin PBXFileReference section */
		700ABC5B20561A8C00F86B9F /* UIView+YBInputLimit.h */ = {isa = PBXFileReference; fileEncoding = 4; lastKnownFileType = sourcecode.c.h; path = "UIView+YBInputLimit.h"; sourceTree = "<group>"; };
		700ABC5C20561A8C00F86B9F /* UIView+YBInputLimit.m */ = {isa = PBXFileReference; fileEncoding = 4; lastKnownFileType = sourcecode.c.objc; path = "UIView+YBInputLimit.m"; sourceTree = "<group>"; };
		700ABC5D20561A8C00F86B9F /* YBInputLimitConst.h */ = {isa = PBXFileReference; fileEncoding = 4; lastKnownFileType = sourcecode.c.h; path = YBInputLimitConst.h; sourceTree = "<group>"; };
		700ABC5E20561A8C00F86B9F /* YBInputLimitModel.h */ = {isa = PBXFileReference; fileEncoding = 4; lastKnownFileType = sourcecode.c.h; path = YBInputLimitModel.h; sourceTree = "<group>"; };
		700ABC5F20561A8C00F86B9F /* YBInputLimitModel.m */ = {isa = PBXFileReference; fileEncoding = 4; lastKnownFileType = sourcecode.c.objc; path = YBInputLimitModel.m; sourceTree = "<group>"; };
		7091458720562DE80031B7A6 /* UIView+YBInputControl.h */ = {isa = PBXFileReference; lastKnownFileType = sourcecode.c.h; path = "UIView+YBInputControl.h"; sourceTree = "<group>"; };
		7091458820562DE80031B7A6 /* UIView+YBInputControl.m */ = {isa = PBXFileReference; lastKnownFileType = sourcecode.c.objc; path = "UIView+YBInputControl.m"; sourceTree = "<group>"; };
		EEE59BB31F1DD75300EE744D /* YBInputLimitDemo.app */ = {isa = PBXFileReference; explicitFileType = wrapper.application; includeInIndex = 0; path = YBInputLimitDemo.app; sourceTree = BUILT_PRODUCTS_DIR; };
		EEE59BB71F1DD75300EE744D /* main.m */ = {isa = PBXFileReference; lastKnownFileType = sourcecode.c.objc; path = main.m; sourceTree = "<group>"; };
		EEE59BB91F1DD75300EE744D /* AppDelegate.h */ = {isa = PBXFileReference; lastKnownFileType = sourcecode.c.h; path = AppDelegate.h; sourceTree = "<group>"; };
		EEE59BBA1F1DD75300EE744D /* AppDelegate.m */ = {isa = PBXFileReference; lastKnownFileType = sourcecode.c.objc; path = AppDelegate.m; sourceTree = "<group>"; };
		EEE59BBC1F1DD75300EE744D /* ViewController.h */ = {isa = PBXFileReference; lastKnownFileType = sourcecode.c.h; path = ViewController.h; sourceTree = "<group>"; };
		EEE59BBD1F1DD75300EE744D /* ViewController.m */ = {isa = PBXFileReference; lastKnownFileType = sourcecode.c.objc; path = ViewController.m; sourceTree = "<group>"; };
		EEE59BC01F1DD75300EE744D /* Base */ = {isa = PBXFileReference; lastKnownFileType = file.storyboard; name = Base; path = Base.lproj/Main.storyboard; sourceTree = "<group>"; };
		EEE59BC21F1DD75300EE744D /* Assets.xcassets */ = {isa = PBXFileReference; lastKnownFileType = folder.assetcatalog; path = Assets.xcassets; sourceTree = "<group>"; };
		EEE59BC51F1DD75300EE744D /* Base */ = {isa = PBXFileReference; lastKnownFileType = file.storyboard; name = Base; path = Base.lproj/LaunchScreen.storyboard; sourceTree = "<group>"; };
		EEE59BC71F1DD75300EE744D /* Info.plist */ = {isa = PBXFileReference; lastKnownFileType = text.plist.xml; path = Info.plist; sourceTree = "<group>"; };
/* End PBXFileReference section */

/* Begin PBXFrameworksBuildPhase section */
		EEE59BB01F1DD75300EE744D /* Frameworks */ = {
			isa = PBXFrameworksBuildPhase;
			buildActionMask = 2147483647;
			files = (
			);
			runOnlyForDeploymentPostprocessing = 0;
		};
/* End PBXFrameworksBuildPhase section */

/* Begin PBXGroup section */
		700ABC5A20561A8C00F86B9F /* YBInputLimit */ = {
			isa = PBXGroup;
			children = (
				700ABC5B20561A8C00F86B9F /* UIView+YBInputLimit.h */,
				700ABC5C20561A8C00F86B9F /* UIView+YBInputLimit.m */,
				700ABC5D20561A8C00F86B9F /* YBInputLimitConst.h */,
				700ABC5E20561A8C00F86B9F /* YBInputLimitModel.h */,
				700ABC5F20561A8C00F86B9F /* YBInputLimitModel.m */,
			);
			path = YBInputLimit;
			sourceTree = SOURCE_ROOT;
		};
		70914583205625C50031B7A6 /* YBInputControl */ = {
			isa = PBXGroup;
			children = (
				7091458720562DE80031B7A6 /* UIView+YBInputControl.h */,
				7091458820562DE80031B7A6 /* UIView+YBInputControl.m */,
			);
			path = YBInputControl;
			sourceTree = SOURCE_ROOT;
		};
		EEE59BAA1F1DD75300EE744D = {
			isa = PBXGroup;
			children = (
				EEE59BB51F1DD75300EE744D /* YBInputLimitDemo */,
				EEE59BB41F1DD75300EE744D /* Products */,
			);
			sourceTree = "<group>";
		};
		EEE59BB41F1DD75300EE744D /* Products */ = {
			isa = PBXGroup;
			children = (
				EEE59BB31F1DD75300EE744D /* YBInputLimitDemo.app */,
			);
			name = Products;
			sourceTree = "<group>";
		};
		EEE59BB51F1DD75300EE744D /* YBInputLimitDemo */ = {
			isa = PBXGroup;
			children = (
				70914583205625C50031B7A6 /* YBInputControl */,
				700ABC5A20561A8C00F86B9F /* YBInputLimit */,
				EEE59BB91F1DD75300EE744D /* AppDelegate.h */,
				EEE59BBA1F1DD75300EE744D /* AppDelegate.m */,
				EEE59BBC1F1DD75300EE744D /* ViewController.h */,
				EEE59BBD1F1DD75300EE744D /* ViewController.m */,
				EEE59BBF1F1DD75300EE744D /* Main.storyboard */,
				EEE59BC21F1DD75300EE744D /* Assets.xcassets */,
				EEE59BC41F1DD75300EE744D /* LaunchScreen.storyboard */,
				EEE59BC71F1DD75300EE744D /* Info.plist */,
				EEE59BB61F1DD75300EE744D /* Supporting Files */,
			);
			path = YBInputLimitDemo;
			sourceTree = "<group>";
		};
		EEE59BB61F1DD75300EE744D /* Supporting Files */ = {
			isa = PBXGroup;
			children = (
				EEE59BB71F1DD75300EE744D /* main.m */,
			);
			name = "Supporting Files";
			sourceTree = "<group>";
		};
/* End PBXGroup section */

/* Begin PBXNativeTarget section */
		EEE59BB21F1DD75300EE744D /* YBInputLimitDemo */ = {
			isa = PBXNativeTarget;
			buildConfigurationList = EEE59BCA1F1DD75300EE744D /* Build configuration list for PBXNativeTarget "YBInputLimitDemo" */;
			buildPhases = (
				EEE59BAF1F1DD75300EE744D /* Sources */,
				EEE59BB01F1DD75300EE744D /* Frameworks */,
				EEE59BB11F1DD75300EE744D /* Resources */,
			);
			buildRules = (
			);
			dependencies = (
			);
			name = YBInputLimitDemo;
			productName = YBInputLimitDemo;
			productReference = EEE59BB31F1DD75300EE744D /* YBInputLimitDemo.app */;
			productType = "com.apple.product-type.application";
		};
/* End PBXNativeTarget section */

/* Begin PBXProject section */
		EEE59BAB1F1DD75300EE744D /* Project object */ = {
			isa = PBXProject;
			attributes = {
				LastUpgradeCheck = 0830;
				ORGANIZATIONNAME = yangbo;
				TargetAttributes = {
					EEE59BB21F1DD75300EE744D = {
						CreatedOnToolsVersion = 8.3.1;
						DevelopmentTeam = UU8H9EQ986;
						ProvisioningStyle = Automatic;
					};
				};
			};
			buildConfigurationList = EEE59BAE1F1DD75300EE744D /* Build configuration list for PBXProject "YBInputLimitDemo" */;
			compatibilityVersion = "Xcode 3.2";
			developmentRegion = English;
			hasScannedForEncodings = 0;
			knownRegions = (
				en,
				Base,
			);
			mainGroup = EEE59BAA1F1DD75300EE744D;
			productRefGroup = EEE59BB41F1DD75300EE744D /* Products */;
			projectDirPath = "";
			projectRoot = "";
			targets = (
				EEE59BB21F1DD75300EE744D /* YBInputLimitDemo */,
			);
		};
/* End PBXProject section */

/* Begin PBXResourcesBuildPhase section */
		EEE59BB11F1DD75300EE744D /* Resources */ = {
			isa = PBXResourcesBuildPhase;
			buildActionMask = 2147483647;
			files = (
				EEE59BC61F1DD75300EE744D /* LaunchScreen.storyboard in Resources */,
				EEE59BC31F1DD75300EE744D /* Assets.xcassets in Resources */,
				EEE59BC11F1DD75300EE744D /* Main.storyboard in Resources */,
			);
			runOnlyForDeploymentPostprocessing = 0;
		};
/* End PBXResourcesBuildPhase section */

/* Begin PBXSourcesBuildPhase section */
		EEE59BAF1F1DD75300EE744D /* Sources */ = {
			isa = PBXSourcesBuildPhase;
			buildActionMask = 2147483647;
			files = (
				7091458920562DE80031B7A6 /* UIView+YBInputControl.m in Sources */,
				EEE59BBE1F1DD75300EE744D /* ViewController.m in Sources */,
				EEE59BBB1F1DD75300EE744D /* AppDelegate.m in Sources */,
				700ABC6120561A8C00F86B9F /* YBInputLimitModel.m in Sources */,
				700ABC6020561A8C00F86B9F /* UIView+YBInputLimit.m in Sources */,
				EEE59BB81F1DD75300EE744D /* main.m in Sources */,
			);
			runOnlyForDeploymentPostprocessing = 0;
		};
/* End PBXSourcesBuildPhase section */

/* Begin PBXVariantGroup section */
		EEE59BBF1F1DD75300EE744D /* Main.storyboard */ = {
			isa = PBXVariantGroup;
			children = (
				EEE59BC01F1DD75300EE744D /* Base */,
			);
			name = Main.storyboard;
			sourceTree = "<group>";
		};
		EEE59BC41F1DD75300EE744D /* LaunchScreen.storyboard */ = {
			isa = PBXVariantGroup;
			children = (
				EEE59BC51F1DD75300EE744D /* Base */,
			);
			name = LaunchScreen.storyboard;
			sourceTree = "<group>";
		};
/* End PBXVariantGroup section */

/* Begin XCBuildConfiguration section */
		EEE59BC81F1DD75300EE744D /* Debug */ = {
			isa = XCBuildConfiguration;
			buildSettings = {
				ALWAYS_SEARCH_USER_PATHS = NO;
				CLANG_ANALYZER_NONNULL = YES;
				CLANG_ANALYZER_NUMBER_OBJECT_CONVERSION = YES_AGGRESSIVE;
				CLANG_CXX_LANGUAGE_STANDARD = "gnu++0x";
				CLANG_CXX_LIBRARY = "libc++";
				CLANG_ENABLE_MODULES = YES;
				CLANG_ENABLE_OBJC_ARC = YES;
				CLANG_WARN_BOOL_CONVERSION = YES;
				CLANG_WARN_CONSTANT_CONVERSION = YES;
				CLANG_WARN_DIRECT_OBJC_ISA_USAGE = YES_ERROR;
				CLANG_WARN_DOCUMENTATION_COMMENTS = YES;
				CLANG_WARN_EMPTY_BODY = YES;
				CLANG_WARN_ENUM_CONVERSION = YES;
				CLANG_WARN_INFINITE_RECURSION = YES;
				CLANG_WARN_INT_CONVERSION = YES;
				CLANG_WARN_OBJC_ROOT_CLASS = YES_ERROR;
				CLANG_WARN_SUSPICIOUS_MOVE = YES;
				CLANG_WARN_UNREACHABLE_CODE = YES;
				CLANG_WARN__DUPLICATE_METHOD_MATCH = YES;
				"CODE_SIGN_IDENTITY[sdk=iphoneos*]" = "iPhone Developer";
				COPY_PHASE_STRIP = NO;
				DEBUG_INFORMATION_FORMAT = dwarf;
				ENABLE_STRICT_OBJC_MSGSEND = YES;
				ENABLE_TESTABILITY = YES;
				GCC_C_LANGUAGE_STANDARD = gnu99;
				GCC_DYNAMIC_NO_PIC = NO;
				GCC_NO_COMMON_BLOCKS = YES;
				GCC_OPTIMIZATION_LEVEL = 0;
				GCC_PREPROCESSOR_DEFINITIONS = (
					"DEBUG=1",
					"$(inherited)",
				);
				GCC_WARN_64_TO_32_BIT_CONVERSION = YES;
				GCC_WARN_ABOUT_RETURN_TYPE = YES_ERROR;
				GCC_WARN_UNDECLARED_SELECTOR = YES;
				GCC_WARN_UNINITIALIZED_AUTOS = YES_AGGRESSIVE;
				GCC_WARN_UNUSED_FUNCTION = YES;
				GCC_WARN_UNUSED_VARIABLE = YES;
				IPHONEOS_DEPLOYMENT_TARGET = 10.3;
				MTL_ENABLE_DEBUG_INFO = YES;
				ONLY_ACTIVE_ARCH = YES;
				SDKROOT = iphoneos;
			};
			name = Debug;
		};
		EEE59BC91F1DD75300EE744D /* Release */ = {
			isa = XCBuildConfiguration;
			buildSettings = {
				ALWAYS_SEARCH_USER_PATHS = NO;
				CLANG_ANALYZER_NONNULL = YES;
				CLANG_ANALYZER_NUMBER_OBJECT_CONVERSION = YES_AGGRESSIVE;
				CLANG_CXX_LANGUAGE_STANDARD = "gnu++0x";
				CLANG_CXX_LIBRARY = "libc++";
				CLANG_ENABLE_MODULES = YES;
				CLANG_ENABLE_OBJC_ARC = YES;
				CLANG_WARN_BOOL_CONVERSION = YES;
				CLANG_WARN_CONSTANT_CONVERSION = YES;
				CLANG_WARN_DIRECT_OBJC_ISA_USAGE = YES_ERROR;
				CLANG_WARN_DOCUMENTATION_COMMENTS = YES;
				CLANG_WARN_EMPTY_BODY = YES;
				CLANG_WARN_ENUM_CONVERSION = YES;
				CLANG_WARN_INFINITE_RECURSION = YES;
				CLANG_WARN_INT_CONVERSION = YES;
				CLANG_WARN_OBJC_ROOT_CLASS = YES_ERROR;
				CLANG_WARN_SUSPICIOUS_MOVE = YES;
				CLANG_WARN_UNREACHABLE_CODE = YES;
				CLANG_WARN__DUPLICATE_METHOD_MATCH = YES;
				"CODE_SIGN_IDENTITY[sdk=iphoneos*]" = "iPhone Developer";
				COPY_PHASE_STRIP = NO;
				DEBUG_INFORMATION_FORMAT = "dwarf-with-dsym";
				ENABLE_NS_ASSERTIONS = NO;
				ENABLE_STRICT_OBJC_MSGSEND = YES;
				GCC_C_LANGUAGE_STANDARD = gnu99;
				GCC_NO_COMMON_BLOCKS = YES;
				GCC_WARN_64_TO_32_BIT_CONVERSION = YES;
				GCC_WARN_ABOUT_RETURN_TYPE = YES_ERROR;
				GCC_WARN_UNDECLARED_SELECTOR = YES;
				GCC_WARN_UNINITIALIZED_AUTOS = YES_AGGRESSIVE;
				GCC_WARN_UNUSED_FUNCTION = YES;
				GCC_WARN_UNUSED_VARIABLE = YES;
				IPHONEOS_DEPLOYMENT_TARGET = 10.3;
				MTL_ENABLE_DEBUG_INFO = NO;
				SDKROOT = iphoneos;
				VALIDATE_PRODUCT = YES;
			};
			name = Release;
		};
		EEE59BCB1F1DD75300EE744D /* Debug */ = {
			isa = XCBuildConfiguration;
			buildSettings = {
				ASSETCATALOG_COMPILER_APPICON_NAME = AppIcon;
				DEVELOPMENT_TEAM = UU8H9EQ986;
				INFOPLIST_FILE = YBInputLimitDemo/Info.plist;
				IPHONEOS_DEPLOYMENT_TARGET = 8.0;
				LD_RUNPATH_SEARCH_PATHS = "$(inherited) @executable_path/Frameworks";
				PRODUCT_BUNDLE_IDENTIFIER = com.yangbo.YBInputLimitDemo0;
				PRODUCT_NAME = "$(TARGET_NAME)";
			};
			name = Debug;
		};
		EEE59BCC1F1DD75300EE744D /* Release */ = {
			isa = XCBuildConfiguration;
			buildSettings = {
				ASSETCATALOG_COMPILER_APPICON_NAME = AppIcon;
				DEVELOPMENT_TEAM = UU8H9EQ986;
				INFOPLIST_FILE = YBInputLimitDemo/Info.plist;
				IPHONEOS_DEPLOYMENT_TARGET = 8.0;
				LD_RUNPATH_SEARCH_PATHS = "$(inherited) @executable_path/Frameworks";
				PRODUCT_BUNDLE_IDENTIFIER = com.yangbo.YBInputLimitDemo0;
				PRODUCT_NAME = "$(TARGET_NAME)";
			};
			name = Release;
		};
/* End XCBuildConfiguration section */

/* Begin XCConfigurationList section */
		EEE59BAE1F1DD75300EE744D /* Build configuration list for PBXProject "YBInputLimitDemo" */ = {
			isa = XCConfigurationList;
			buildConfigurations = (
				EEE59BC81F1DD75300EE744D /* Debug */,
				EEE59BC91F1DD75300EE744D /* Release */,
			);
			defaultConfigurationIsVisible = 0;
			defaultConfigurationName = Release;
		};
		EEE59BCA1F1DD75300EE744D /* Build configuration list for PBXNativeTarget "YBInputLimitDemo" */ = {
			isa = XCConfigurationList;
			buildConfigurations = (
				EEE59BCB1F1DD75300EE744D /* Debug */,
				EEE59BCC1F1DD75300EE744D /* Release */,
			);
			defaultConfigurationIsVisible = 0;
			defaultConfigurationName = Release;
		};
/* End XCConfigurationList section */
	};
	rootObject = EEE59BAB1F1DD75300EE744D /* Project object */;
}
