// !$*UTF8*$!
{
	archiveVersion = 1;
	classes = {
	};
	objectVersion = 48;
	objects = {

/* Begin PBXBuildFile section */
		7057FA4B2057D29800C7766F /* AppDelegate.m in Sources */ = {isa = PBXBuildFile; fileRef = 7057FA4A2057D29800C7766F /* AppDelegate.m */; };
		7057FA4E2057D29800C7766F /* ViewController.m in Sources */ = {isa = PBXBuildFile; fileRef = 7057FA4D2057D29800C7766F /* ViewController.m */; };
		7057FA512057D29800C7766F /* Main.storyboard in Resources */ = {isa = PBXBuildFile; fileRef = 7057FA4F2057D29800C7766F /* Main.storyboard */; };
		7057FA532057D29800C7766F /* Assets.xcassets in Resources */ = {isa = PBXBuildFile; fileRef = 7057FA522057D29800C7766F /* Assets.xcassets */; };
		7057FA562057D29800C7766F /* LaunchScreen.storyboard in Resources */ = {isa = PBXBuildFile; fileRef = 7057FA542057D29800C7766F /* LaunchScreen.storyboard */; };
		7057FA592057D29800C7766F /* main.m in Sources */ = {isa = PBXBuildFile; fileRef = 7057FA582057D29800C7766F /* main.m */; };
		708702852058BB1C0095767D /* UIView+YBInputControl.m in Sources */ = {isa = PBXBuildFile; fileRef = 708702842058BB1C0095767D /* UIView+YBInputControl.m */; };
/* End PBXBuildFile section */

/* Begin PBXFileReference section */
		7057FA462057D29800C7766F /* YBInputControlDemo.app */ = {isa = PBXFileReference; explicitFileType = wrapper.application; includeInIndex = 0; path = YBInputControlDemo.app; sourceTree = BUILT_PRODUCTS_DIR; };
		7057FA492057D29800C7766F /* AppDelegate.h */ = {isa = PBXFileReference; lastKnownFileType = sourcecode.c.h; path = AppDelegate.h; sourceTree = "<group>"; };
		7057FA4A2057D29800C7766F /* AppDelegate.m */ = {isa = PBXFileReference; lastKnownFileType = sourcecode.c.objc; path = AppDelegate.m; sourceTree = "<group>"; };
		7057FA4C2057D29800C7766F /* ViewController.h */ = {isa = PBXFileReference; lastKnownFileType = sourcecode.c.h; path = ViewController.h; sourceTree = "<group>"; };
		7057FA4D2057D29800C7766F /* ViewController.m */ = {isa = PBXFileReference; lastKnownFileType = sourcecode.c.objc; path = ViewController.m; sourceTree = "<group>"; };
		7057FA502057D29800C7766F /* Base */ = {isa = PBXFileReference; lastKnownFileType = file.storyboard; name = Base; path = Base.lproj/Main.storyboard; sourceTree = "<group>"; };
		7057FA522057D29800C7766F /* Assets.xcassets */ = {isa = PBXFileReference; lastKnownFileType = folder.assetcatalog; path = Assets.xcassets; sourceTree = "<group>"; };
		7057FA552057D29800C7766F /* Base */ = {isa = PBXFileReference; lastKnownFileType = file.storyboard; name = Base; path = Base.lproj/LaunchScreen.storyboard; sourceTree = "<group>"; };
		7057FA572057D29800C7766F /* Info.plist */ = {isa = PBXFileReference; lastKnownFileType = text.plist.xml; path = Info.plist; sourceTree = "<group>"; };
		7057FA582057D29800C7766F /* main.m */ = {isa = PBXFileReference; lastKnownFileType = sourcecode.c.objc; path = main.m; sourceTree = "<group>"; };
		708702832058BB1C0095767D /* UIView+YBInputControl.h */ = {isa = PBXFileReference; fileEncoding = 4; lastKnownFileType = sourcecode.c.h; path = "UIView+YBInputControl.h"; sourceTree = "<group>"; };
		708702842058BB1C0095767D /* UIView+YBInputControl.m */ = {isa = PBXFileReference; fileEncoding = 4; lastKnownFileType = sourcecode.c.objc; path = "UIView+YBInputControl.m"; sourceTree = "<group>"; };
/* End PBXFileReference section */

/* Begin PBXFrameworksBuildPhase section */
		7057FA432057D29800C7766F /* Frameworks */ = {
			isa = PBXFrameworksBuildPhase;
			buildActionMask = 2147483647;
			files = (
			);
			runOnlyForDeploymentPostprocessing = 0;
		};
/* End PBXFrameworksBuildPhase section */

/* Begin PBXGroup section */
		7057FA3D2057D29800C7766F = {
			isa = PBXGroup;
			children = (
				7057FA482057D29800C7766F /* YBInputControlDemo */,
				7057FA472057D29800C7766F /* Products */,
			);
			sourceTree = "<group>";
		};
		7057FA472057D29800C7766F /* Products */ = {
			isa = PBXGroup;
			children = (
				7057FA462057D29800C7766F /* YBInputControlDemo.app */,
			);
			name = Products;
			sourceTree = "<group>";
		};
		7057FA482057D29800C7766F /* YBInputControlDemo */ = {
			isa = PBXGroup;
			children = (
				708702822058BB1C0095767D /* YBInputControl */,
				7057FA492057D29800C7766F /* AppDelegate.h */,
				7057FA4A2057D29800C7766F /* AppDelegate.m */,
				7057FA4C2057D29800C7766F /* ViewController.h */,
				7057FA4D2057D29800C7766F /* ViewController.m */,
				7057FA4F2057D29800C7766F /* Main.storyboard */,
				7057FA522057D29800C7766F /* Assets.xcassets */,
				7057FA542057D29800C7766F /* LaunchScreen.storyboard */,
				7057FA572057D29800C7766F /* Info.plist */,
				7057FA582057D29800C7766F /* main.m */,
			);
			path = YBInputControlDemo;
			sourceTree = "<group>";
		};
		708702822058BB1C0095767D /* YBInputControl */ = {
			isa = PBXGroup;
			children = (
				708702832058BB1C0095767D /* UIView+YBInputControl.h */,
				708702842058BB1C0095767D /* UIView+YBInputControl.m */,
			);
			path = YBInputControl;
			sourceTree = SOURCE_ROOT;
		};
/* End PBXGroup section */

/* Begin PBXNativeTarget section */
		7057FA452057D29800C7766F /* YBInputControlDemo */ = {
			isa = PBXNativeTarget;
			buildConfigurationList = 7057FA5C2057D29800C7766F /* Build configuration list for PBXNativeTarget "YBInputControlDemo" */;
			buildPhases = (
				7057FA422057D29800C7766F /* Sources */,
				7057FA432057D29800C7766F /* Frameworks */,
				7057FA442057D29800C7766F /* Resources */,
			);
			buildRules = (
			);
			dependencies = (
			);
			name = YBInputControlDemo;
			productName = YBInputControlDemo;
			productReference = 7057FA462057D29800C7766F /* YBInputControlDemo.app */;
			productType = "com.apple.product-type.application";
		};
/* End PBXNativeTarget section */

/* Begin PBXProject section */
		7057FA3E2057D29800C7766F /* Project object */ = {
			isa = PBXProject;
			attributes = {
				LastUpgradeCheck = 0920;
				ORGANIZATIONNAME = "杨波";
				TargetAttributes = {
					7057FA452057D29800C7766F = {
						CreatedOnToolsVersion = 9.2;
						ProvisioningStyle = Automatic;
					};
				};
			};
			buildConfigurationList = 7057FA412057D29800C7766F /* Build configuration list for PBXProject "YBInputControlDemo" */;
			compatibilityVersion = "Xcode 8.0";
			developmentRegion = en;
			hasScannedForEncodings = 0;
			knownRegions = (
				en,
				Base,
			);
			mainGroup = 7057FA3D2057D29800C7766F;
			productRefGroup = 7057FA472057D29800C7766F /* Products */;
			projectDirPath = "";
			projectRoot = "";
			targets = (
				7057FA452057D29800C7766F /* YBInputControlDemo */,
			);
		};
/* End PBXProject section */

/* Begin PBXResourcesBuildPhase section */
		7057FA442057D29800C7766F /* Resources */ = {
			isa = PBXResourcesBuildPhase;
			buildActionMask = 2147483647;
			files = (
				7057FA562057D29800C7766F /* LaunchScreen.storyboard in Resources */,
				7057FA532057D29800C7766F /* Assets.xcassets in Resources */,
				7057FA512057D29800C7766F /* Main.storyboard in Resources */,
			);
			runOnlyForDeploymentPostprocessing = 0;
		};
/* End PBXResourcesBuildPhase section */

/* Begin PBXSourcesBuildPhase section */
		7057FA422057D29800C7766F /* Sources */ = {
			isa = PBXSourcesBuildPhase;
			buildActionMask = 2147483647;
			files = (
				7057FA4E2057D29800C7766F /* ViewController.m in Sources */,
				7057FA592057D29800C7766F /* main.m in Sources */,
				708702852058BB1C0095767D /* UIView+YBInputControl.m in Sources */,
				7057FA4B2057D29800C7766F /* AppDelegate.m in Sources */,
			);
			runOnlyForDeploymentPostprocessing = 0;
		};
/* End PBXSourcesBuildPhase section */

/* Begin PBXVariantGroup section */
		7057FA4F2057D29800C7766F /* Main.storyboard */ = {
			isa = PBXVariantGroup;
			children = (
				7057FA502057D29800C7766F /* Base */,
			);
			name = Main.storyboard;
			sourceTree = "<group>";
		};
		7057FA542057D29800C7766F /* LaunchScreen.storyboard */ = {
			isa = PBXVariantGroup;
			children = (
				7057FA552057D29800C7766F /* Base */,
			);
			name = LaunchScreen.storyboard;
			sourceTree = "<group>";
		};
/* End PBXVariantGroup section */

/* Begin XCBuildConfiguration section */
		7057FA5A2057D29800C7766F /* Debug */ = {
			isa = XCBuildConfiguration;
			buildSettings = {
				ALWAYS_SEARCH_USER_PATHS = NO;
				CLANG_ANALYZER_NONNULL = YES;
				CLANG_ANALYZER_NUMBER_OBJECT_CONVERSION = YES_AGGRESSIVE;
				CLANG_CXX_LANGUAGE_STANDARD = "gnu++14";
				CLANG_CXX_LIBRARY = "libc++";
				CLANG_ENABLE_MODULES = YES;
				CLANG_ENABLE_OBJC_ARC = YES;
				CLANG_WARN_BLOCK_CAPTURE_AUTORELEASING = YES;
				CLANG_WARN_BOOL_CONVERSION = YES;
				CLANG_WARN_COMMA = YES;
				CLANG_WARN_CONSTANT_CONVERSION = YES;
				CLANG_WARN_DIRECT_OBJC_ISA_USAGE = YES_ERROR;
				CLANG_WARN_DOCUMENTATION_COMMENTS = YES;
				CLANG_WARN_EMPTY_BODY = YES;
				CLANG_WARN_ENUM_CONVERSION = YES;
				CLANG_WARN_INFINITE_RECURSION = YES;
				CLANG_WARN_INT_CONVERSION = YES;
				CLANG_WARN_NON_LITERAL_NULL_CONVERSION = YES;
				CLANG_WARN_OBJC_LITERAL_CONVERSION = YES;
				CLANG_WARN_OBJC_ROOT_CLASS = YES_ERROR;
				CLANG_WARN_RANGE_LOOP_ANALYSIS = YES;
				CLANG_WARN_STRICT_PROTOTYPES = YES;
				CLANG_WARN_SUSPICIOUS_MOVE = YES;
				CLANG_WARN_UNGUARDED_AVAILABILITY = YES_AGGRESSIVE;
				CLANG_WARN_UNREACHABLE_CODE = YES;
				CLANG_WARN__DUPLICATE_METHOD_MATCH = YES;
				CODE_SIGN_IDENTITY = "iPhone Developer";
				COPY_PHASE_STRIP = NO;
				DEBUG_INFORMATION_FORMAT = dwarf;
				ENABLE_STRICT_OBJC_MSGSEND = YES;
				ENABLE_TESTABILITY = YES;
				GCC_C_LANGUAGE_STANDARD = gnu11;
				GCC_DYNAMIC_NO_PIC = NO;
				GCC_NO_COMMON_BLOCKS = YES;
				GCC_OPTIMIZATION_LEVEL = 0;
				GCC_PREPROCESSOR_DEFINITIONS = (
					"DEBUG=1",
					"$(inherited)",
				);
				GCC_WARN_64_TO_32_BIT_CONVERSION = YES;
				GCC_WARN_ABOUT_RETURN_TYPE = YES_ERROR;
				GCC_WARN_UNDECLARED_SELECTOR = YES;
				GCC_WARN_UNINITIALIZED_AUTOS = YES_AGGRESSIVE;
				GCC_WARN_UNUSED_FUNCTION = YES;
				GCC_WARN_UNUSED_VARIABLE = YES;
				IPHONEOS_DEPLOYMENT_TARGET = 11.2;
				MTL_ENABLE_DEBUG_INFO = YES;
				ONLY_ACTIVE_ARCH = YES;
				SDKROOT = iphoneos;
			};
			name = Debug;
		};
		7057FA5B2057D29800C7766F /* Release */ = {
			isa = XCBuildConfiguration;
			buildSettings = {
				ALWAYS_SEARCH_USER_PATHS = NO;
				CLANG_ANALYZER_NONNULL = YES;
				CLANG_ANALYZER_NUMBER_OBJECT_CONVERSION = YES_AGGRESSIVE;
				CLANG_CXX_LANGUAGE_STANDARD = "gnu++14";
				CLANG_CXX_LIBRARY = "libc++";
				CLANG_ENABLE_MODULES = YES;
				CLANG_ENABLE_OBJC_ARC = YES;
				CLANG_WARN_BLOCK_CAPTURE_AUTORELEASING = YES;
				CLANG_WARN_BOOL_CONVERSION = YES;
				CLANG_WARN_COMMA = YES;
				CLANG_WARN_CONSTANT_CONVERSION = YES;
				CLANG_WARN_DIRECT_OBJC_ISA_USAGE = YES_ERROR;
				CLANG_WARN_DOCUMENTATION_COMMENTS = YES;
				CLANG_WARN_EMPTY_BODY = YES;
				CLANG_WARN_ENUM_CONVERSION = YES;
				CLANG_WARN_INFINITE_RECURSION = YES;
				CLANG_WARN_INT_CONVERSION = YES;
				CLANG_WARN_NON_LITERAL_NULL_CONVERSION = YES;
				CLANG_WARN_OBJC_LITERAL_CONVERSION = YES;
				CLANG_WARN_OBJC_ROOT_CLASS = YES_ERROR;
				CLANG_WARN_RANGE_LOOP_ANALYSIS = YES;
				CLANG_WARN_STRICT_PROTOTYPES = YES;
				CLANG_WARN_SUSPICIOUS_MOVE = YES;
				CLANG_WARN_UNGUARDED_AVAILABILITY = YES_AGGRESSIVE;
				CLANG_WARN_UNREACHABLE_CODE = YES;
				CLANG_WARN__DUPLICATE_METHOD_MATCH = YES;
				CODE_SIGN_IDENTITY = "iPhone Developer";
				COPY_PHASE_STRIP = NO;
				DEBUG_INFORMATION_FORMAT = "dwarf-with-dsym";
				ENABLE_NS_ASSERTIONS = NO;
				ENABLE_STRICT_OBJC_MSGSEND = YES;
				GCC_C_LANGUAGE_STANDARD = gnu11;
				GCC_NO_COMMON_BLOCKS = YES;
				GCC_WARN_64_TO_32_BIT_CONVERSION = YES;
				GCC_WARN_ABOUT_RETURN_TYPE = YES_ERROR;
				GCC_WARN_UNDECLARED_SELECTOR = YES;
				GCC_WARN_UNINITIALIZED_AUTOS = YES_AGGRESSIVE;
				GCC_WARN_UNUSED_FUNCTION = YES;
				GCC_WARN_UNUSED_VARIABLE = YES;
				IPHONEOS_DEPLOYMENT_TARGET = 11.2;
				MTL_ENABLE_DEBUG_INFO = NO;
				SDKROOT = iphoneos;
				VALIDATE_PRODUCT = YES;
			};
			name = Release;
		};
		7057FA5D2057D29800C7766F /* Debug */ = {
			isa = XCBuildConfiguration;
			buildSettings = {
				ASSETCATALOG_COMPILER_APPICON_NAME = AppIcon;
				CODE_SIGN_STYLE = Automatic;
				DEVELOPMENT_TEAM = UU8H9EQ986;
				INFOPLIST_FILE = YBInputControlDemo/Info.plist;
				IPHONEOS_DEPLOYMENT_TARGET = 8.0;
				LD_RUNPATH_SEARCH_PATHS = "$(inherited) @executable_path/Frameworks";
				PRODUCT_BUNDLE_IDENTIFIER = com.yb.YBInputControlDemo;
				PRODUCT_NAME = "$(TARGET_NAME)";
				TARGETED_DEVICE_FAMILY = "1,2";
			};
			name = Debug;
		};
		7057FA5E2057D29800C7766F /* Release */ = {
			isa = XCBuildConfiguration;
			buildSettings = {
				ASSETCATALOG_COMPILER_APPICON_NAME = AppIcon;
				CODE_SIGN_STYLE = Automatic;
				DEVELOPMENT_TEAM = UU8H9EQ986;
				INFOPLIST_FILE = YBInputControlDemo/Info.plist;
				IPHONEOS_DEPLOYMENT_TARGET = 8.0;
				LD_RUNPATH_SEARCH_PATHS = "$(inherited) @executable_path/Frameworks";
				PRODUCT_BUNDLE_IDENTIFIER = com.yb.YBInputControlDemo;
				PRODUCT_NAME = "$(TARGET_NAME)";
				TARGETED_DEVICE_FAMILY = "1,2";
			};
			name = Release;
		};
/* End XCBuildConfiguration section */

/* Begin XCConfigurationList section */
		7057FA412057D29800C7766F /* Build configuration list for PBXProject "YBInputControlDemo" */ = {
			isa = XCConfigurationList;
			buildConfigurations = (
				7057FA5A2057D29800C7766F /* Debug */,
				7057FA5B2057D29800C7766F /* Release */,
			);
			defaultConfigurationIsVisible = 0;
			defaultConfigurationName = Release;
		};
		7057FA5C2057D29800C7766F /* Build configuration list for PBXNativeTarget "YBInputControlDemo" */ = {
			isa = XCConfigurationList;
			buildConfigurations = (
				7057FA5D2057D29800C7766F /* Debug */,
				7057FA5E2057D29800C7766F /* Release */,
			);
			defaultConfigurationIsVisible = 0;
			defaultConfigurationName = Release;
		};
/* End XCConfigurationList section */
	};
	rootObject = 7057FA3E2057D29800C7766F /* Project object */;
}
